
Microsoft Visual Studio Solution File, Format Version 12.00
# Visual Studio 15
VisualStudioVersion = 15.0.27428.2027
MinimumVisualStudioVersion = 10.0.40219.1
Project("{FAE04EC0-301F-11D3-BF4B-00C04F79EFBC}") = "SpyMaster", "SpyMaster\SpyMaster.csproj", "{818302EE-A0A9-4035-8352-07F0A6704D3F}"
EndProject
Global
	GlobalSection(SolutionConfigurationPlatforms) = preSolution
		Debug|ARM = Debug|ARM
		Debug|x64 = Debug|x64
		Debug|x86 = Debug|x86
		Release|ARM = Release|ARM
		Release|x64 = Release|x64
		Release|x86 = Release|x86
	EndGlobalSection
	GlobalSection(ProjectConfigurationPlatforms) = postSolution
		{818302EE-A0A9-4035-8352-07F0A6704D3F}.Debug|ARM.ActiveCfg = Debug|ARM
		{818302EE-A0A9-4035-8352-07F0A6704D3F}.Debug|ARM.Build.0 = Debug|ARM
		{818302EE-A0A9-4035-8352-07F0A6704D3F}.Debug|ARM.Deploy.0 = Debug|ARM
		{818302EE-A0A9-4035-8352-07F0A6704D3F}.Debug|x64.ActiveCfg = Debug|x64
		{818302EE-A0A9-4035-8352-07F0A6704D3F}.Debug|x64.Build.0 = Debug|x64
		{818302EE-A0A9-4035-8352-07F0A6704D3F}.Debug|x64.Deploy.0 = Debug|x64
		{818302EE-A0A9-4035-8352-07F0A6704D3F}.Debug|x86.ActiveCfg = Debug|x86
		{818302EE-A0A9-4035-8352-07F0A6704D3F}.Debug|x86.Build.0 = Debug|x86
		{818302EE-A0A9-4035-8352-07F0A6704D3F}.Debug|x86.Deploy.0 = Debug|x86
		{818302EE-A0A9-4035-8352-07F0A6704D3F}.Release|ARM.ActiveCfg = Release|ARM
		{818302EE-A0A9-4035-8352-07F0A6704D3F}.Release|ARM.Build.0 = Release|ARM
		{818302EE-A0A9-4035-8352-07F0A6704D3F}.Release|ARM.Deploy.0 = Release|ARM
		{818302EE-A0A9-4035-8352-07F0A6704D3F}.Release|x64.ActiveCfg = Release|x64
		{818302EE-A0A9-4035-8352-07F0A6704D3F}.Release|x64.Build.0 = Release|x64
		{818302EE-A0A9-4035-8352-07F0A6704D3F}.Release|x64.Deploy.0 = Release|x64
		{818302EE-A0A9-4035-8352-07F0A6704D3F}.Release|x86.ActiveCfg = Release|x86
		{818302EE-A0A9-4035-8352-07F0A6704D3F}.Release|x86.Build.0 = Release|x86
		{818302EE-A0A9-4035-8352-07F0A6704D3F}.Release|x86.Deploy.0 = Release|x86
	EndGlobalSection
	GlobalSection(SolutionProperties) = preSolution
		HideSolutionNode = FALSE
	EndGlobalSection
	GlobalSection(ExtensibilityGlobals) = postSolution
		SolutionGuid = {9685F125-DC82-47C0-A674-0DD8CF2CEC44}
	EndGlobalSection
EndGlobal
